// !$*UTF8*$!
{
	archiveVersion = 1;
	classes = {
	};
	objectVersion = 46;
	objects = {

/* Begin PBXBuildFile section */
		A09CAC3F1DBDBA2B0055BCAF /* main.m in Sources */ = {isa = PBXBuildFile; fileRef = A09CAC3E1DBDBA2B0055BCAF /* main.m */; };
		A09CAC421DBDBA2B0055BCAF /* AppDelegate.m in Sources */ = {isa = PBXBuildFile; fileRef = A09CAC411DBDBA2B0055BCAF /* AppDelegate.m */; };
		A09CAC451DBDBA2B0055BCAF /* ViewController.m in Sources */ = {isa = PBXBuildFile; fileRef = A09CAC441DBDBA2B0055BCAF /* ViewController.m */; };
		A09CAC481DBDBA2B0055BCAF /* Main.storyboard in Resources */ = {isa = PBXBuildFile; fileRef = A09CAC461DBDBA2B0055BCAF /* Main.storyboard */; };
		A09CAC4A1DBDBA2B0055BCAF /* Assets.xcassets in Resources */ = {isa = PBXBuildFile; fileRef = A09CAC491DBDBA2B0055BCAF /* Assets.xcassets */; };
		A09CAC4D1DBDBA2B0055BCAF /* LaunchScreen.storyboard in Resources */ = {isa = PBXBuildFile; fileRef = A09CAC4B1DBDBA2B0055BCAF /* LaunchScreen.storyboard */; };
		A09CAC581DBDBA2B0055BCAF /* List_GridTests.m in Sources */ = {isa = PBXBuildFile; fileRef = A09CAC571DBDBA2B0055BCAF /* List_GridTests.m */; };
		A09CAC631DBDBA2B0055BCAF /* List_GridUITests.m in Sources */ = {isa = PBXBuildFile; fileRef = A09CAC621DBDBA2B0055BCAF /* List_GridUITests.m */; };
		A09CAC721DBDDDB50055BCAF /* GridListCollectionViewCell.m in Sources */ = {isa = PBXBuildFile; fileRef = A09CAC711DBDDDB50055BCAF /* GridListCollectionViewCell.m */; };
		A09CAC741DBDE4880055BCAF /* product.json in Resources */ = {isa = PBXBuildFile; fileRef = A09CAC731DBDE4880055BCAF /* product.json */; };
		A09CAC771DBDE61F0055BCAF /* GridListModel.m in Sources */ = {isa = PBXBuildFile; fileRef = A09CAC761DBDE61F0055BCAF /* GridListModel.m */; };
		A09CAC791DBDF4B50055BCAF /* product_list_list_btn@2x.png in Resources */ = {isa = PBXBuildFile; fileRef = A09CAC781DBDF4B50055BCAF /* product_list_list_btn@2x.png */; };
		A09CAC7B1DBDF4C10055BCAF /* product_list_grid_btn@2x.png in Resources */ = {isa = PBXBuildFile; fileRef = A09CAC7A1DBDF4C10055BCAF /* product_list_grid_btn@2x.png */; };
		A09CAC9A1DBE049E0055BCAF /* NSData+ImageContentType.m in Sources */ = {isa = PBXBuildFile; fileRef = A09CAC7E1DBE049E0055BCAF /* NSData+ImageContentType.m */; };
		A09CAC9B1DBE049E0055BCAF /* SDImageCache.m in Sources */ = {isa = PBXBuildFile; fileRef = A09CAC801DBE049E0055BCAF /* SDImageCache.m */; };
		A09CAC9C1DBE049E0055BCAF /* SDWebImageCompat.m in Sources */ = {isa = PBXBuildFile; fileRef = A09CAC821DBE049E0055BCAF /* SDWebImageCompat.m */; };
		A09CAC9D1DBE049E0055BCAF /* SDWebImageDecoder.m in Sources */ = {isa = PBXBuildFile; fileRef = A09CAC841DBE049E0055BCAF /* SDWebImageDecoder.m */; };
		A09CAC9E1DBE049E0055BCAF /* SDWebImageDownloader.m in Sources */ = {isa = PBXBuildFile; fileRef = A09CAC861DBE049E0055BCAF /* SDWebImageDownloader.m */; };
		A09CAC9F1DBE049E0055BCAF /* SDWebImageDownloaderOperation.m in Sources */ = {isa = PBXBuildFile; fileRef = A09CAC881DBE049E0055BCAF /* SDWebImageDownloaderOperation.m */; };
		A09CACA01DBE049E0055BCAF /* SDWebImageManager.m in Sources */ = {isa = PBXBuildFile; fileRef = A09CAC8A1DBE049E0055BCAF /* SDWebImageManager.m */; };
		A09CACA11DBE049E0055BCAF /* SDWebImagePrefetcher.m in Sources */ = {isa = PBXBuildFile; fileRef = A09CAC8D1DBE049E0055BCAF /* SDWebImagePrefetcher.m */; };
		A09CACA21DBE049E0055BCAF /* UIButton+WebCache.m in Sources */ = {isa = PBXBuildFile; fileRef = A09CAC8F1DBE049E0055BCAF /* UIButton+WebCache.m */; };
		A09CACA31DBE049E0055BCAF /* UIImage+GIF.m in Sources */ = {isa = PBXBuildFile; fileRef = A09CAC911DBE049E0055BCAF /* UIImage+GIF.m */; };
		A09CACA41DBE049E0055BCAF /* UIImage+MultiFormat.m in Sources */ = {isa = PBXBuildFile; fileRef = A09CAC931DBE049E0055BCAF /* UIImage+MultiFormat.m */; };
		A09CACA51DBE049E0055BCAF /* UIImageView+HighlightedWebCache.m in Sources */ = {isa = PBXBuildFile; fileRef = A09CAC951DBE049E0055BCAF /* UIImageView+HighlightedWebCache.m */; };
		A09CACA61DBE049E0055BCAF /* UIImageView+WebCache.m in Sources */ = {isa = PBXBuildFile; fileRef = A09CAC971DBE049E0055BCAF /* UIImageView+WebCache.m */; };
		A09CACA71DBE049E0055BCAF /* UIView+WebCacheOperation.m in Sources */ = {isa = PBXBuildFile; fileRef = A09CAC991DBE049E0055BCAF /* UIView+WebCacheOperation.m */; };
		A09CACA91DBE09560055BCAF /* jww.png in Resources */ = {isa = PBXBuildFile; fileRef = A09CACA81DBE09560055BCAF /* jww.png */; };
/* End PBXBuildFile section */

/* Begin PBXContainerItemProxy section */
		A09CAC541DBDBA2B0055BCAF /* PBXContainerItemProxy */ = {
			isa = PBXContainerItemProxy;
			containerPortal = A09CAC321DBDBA2B0055BCAF /* Project object */;
			proxyType = 1;
			remoteGlobalIDString = A09CAC391DBDBA2B0055BCAF;
			remoteInfo = List_Grid;
		};
		A09CAC5F1DBDBA2B0055BCAF /* PBXContainerItemProxy */ = {
			isa = PBXContainerItemProxy;
			containerPortal = A09CAC321DBDBA2B0055BCAF /* Project object */;
			proxyType = 1;
			remoteGlobalIDString = A09CAC391DBDBA2B0055BCAF;
			remoteInfo = List_Grid;
		};
/* End PBXContainerItemProxy section */

/* Begin PBXFileReference section */
		A09CAC3A1DBDBA2B0055BCAF /* List_Grid.app */ = {isa = PBXFileReference; explicitFileType = wrapper.application; includeInIndex = 0; path = List_Grid.app; sourceTree = BUILT_PRODUCTS_DIR; };
		A09CAC3E1DBDBA2B0055BCAF /* main.m */ = {isa = PBXFileReference; lastKnownFileType = sourcecode.c.objc; path = main.m; sourceTree = "<group>"; };
		A09CAC401DBDBA2B0055BCAF /* AppDelegate.h */ = {isa = PBXFileReference; lastKnownFileType = sourcecode.c.h; path = AppDelegate.h; sourceTree = "<group>"; };
		A09CAC411DBDBA2B0055BCAF /* AppDelegate.m */ = {isa = PBXFileReference; lastKnownFileType = sourcecode.c.objc; path = AppDelegate.m; sourceTree = "<group>"; };
		A09CAC431DBDBA2B0055BCAF /* ViewController.h */ = {isa = PBXFileReference; lastKnownFileType = sourcecode.c.h; path = ViewController.h; sourceTree = "<group>"; };
		A09CAC441DBDBA2B0055BCAF /* ViewController.m */ = {isa = PBXFileReference; lastKnownFileType = sourcecode.c.objc; path = ViewController.m; sourceTree = "<group>"; };
		A09CAC471DBDBA2B0055BCAF /* Base */ = {isa = PBXFileReference; lastKnownFileType = file.storyboard; name = Base; path = Base.lproj/Main.storyboard; sourceTree = "<group>"; };
		A09CAC491DBDBA2B0055BCAF /* Assets.xcassets */ = {isa = PBXFileReference; lastKnownFileType = folder.assetcatalog; path = Assets.xcassets; sourceTree = "<group>"; };
		A09CAC4C1DBDBA2B0055BCAF /* Base */ = {isa = PBXFileReference; lastKnownFileType = file.storyboard; name = Base; path = Base.lproj/LaunchScreen.storyboard; sourceTree = "<group>"; };
		A09CAC4E1DBDBA2B0055BCAF /* Info.plist */ = {isa = PBXFileReference; lastKnownFileType = text.plist.xml; path = Info.plist; sourceTree = "<group>"; };
		A09CAC531DBDBA2B0055BCAF /* List_GridTests.xctest */ = {isa = PBXFileReference; explicitFileType = wrapper.cfbundle; includeInIndex = 0; path = List_GridTests.xctest; sourceTree = BUILT_PRODUCTS_DIR; };
		A09CAC571DBDBA2B0055BCAF /* List_GridTests.m */ = {isa = PBXFileReference; lastKnownFileType = sourcecode.c.objc; path = List_GridTests.m; sourceTree = "<group>"; };
		A09CAC591DBDBA2B0055BCAF /* Info.plist */ = {isa = PBXFileReference; lastKnownFileType = text.plist.xml; path = Info.plist; sourceTree = "<group>"; };
		A09CAC5E1DBDBA2B0055BCAF /* List_GridUITests.xctest */ = {isa = PBXFileReference; explicitFileType = wrapper.cfbundle; includeInIndex = 0; path = List_GridUITests.xctest; sourceTree = BUILT_PRODUCTS_DIR; };
		A09CAC621DBDBA2B0055BCAF /* List_GridUITests.m */ = {isa = PBXFileReference; lastKnownFileType = sourcecode.c.objc; path = List_GridUITests.m; sourceTree = "<group>"; };
		A09CAC641DBDBA2B0055BCAF /* Info.plist */ = {isa = PBXFileReference; lastKnownFileType = text.plist.xml; path = Info.plist; sourceTree = "<group>"; };
		A09CAC701DBDDDB50055BCAF /* GridListCollectionViewCell.h */ = {isa = PBXFileReference; fileEncoding = 4; lastKnownFileType = sourcecode.c.h; path = GridListCollectionViewCell.h; sourceTree = "<group>"; };
		A09CAC711DBDDDB50055BCAF /* GridListCollectionViewCell.m */ = {isa = PBXFileReference; fileEncoding = 4; lastKnownFileType = sourcecode.c.objc; path = GridListCollectionViewCell.m; sourceTree = "<group>"; };
		A09CAC731DBDE4880055BCAF /* product.json */ = {isa = PBXFileReference; fileEncoding = 4; lastKnownFileType = text.json; path = product.json; sourceTree = "<group>"; };
		A09CAC751DBDE61F0055BCAF /* GridListModel.h */ = {isa = PBXFileReference; fileEncoding = 4; lastKnownFileType = sourcecode.c.h; path = GridListModel.h; sourceTree = "<group>"; };
		A09CAC761DBDE61F0055BCAF /* GridListModel.m */ = {isa = PBXFileReference; fileEncoding = 4; lastKnownFileType = sourcecode.c.objc; path = GridListModel.m; sourceTree = "<group>"; };
		A09CAC781DBDF4B50055BCAF /* product_list_list_btn@2x.png */ = {isa = PBXFileReference; lastKnownFileType = image.png; path = "product_list_list_btn@2x.png"; sourceTree = "<group>"; };
		A09CAC7A1DBDF4C10055BCAF /* product_list_grid_btn@2x.png */ = {isa = PBXFileReference; lastKnownFileType = image.png; path = "product_list_grid_btn@2x.png"; sourceTree = "<group>"; };
		A09CAC7D1DBE049E0055BCAF /* NSData+ImageContentType.h */ = {isa = PBXFileReference; fileEncoding = 4; lastKnownFileType = sourcecode.c.h; path = "NSData+ImageContentType.h"; sourceTree = "<group>"; };
		A09CAC7E1DBE049E0055BCAF /* NSData+ImageContentType.m */ = {isa = PBXFileReference; fileEncoding = 4; lastKnownFileType = sourcecode.c.objc; path = "NSData+ImageContentType.m"; sourceTree = "<group>"; };
		A09CAC7F1DBE049E0055BCAF /* SDImageCache.h */ = {isa = PBXFileReference; fileEncoding = 4; lastKnownFileType = sourcecode.c.h; path = SDImageCache.h; sourceTree = "<group>"; };
		A09CAC801DBE049E0055BCAF /* SDImageCache.m */ = {isa = PBXFileReference; fileEncoding = 4; lastKnownFileType = sourcecode.c.objc; path = SDImageCache.m; sourceTree = "<group>"; };
		A09CAC811DBE049E0055BCAF /* SDWebImageCompat.h */ = {isa = PBXFileReference; fileEncoding = 4; lastKnownFileType = sourcecode.c.h; path = SDWebImageCompat.h; sourceTree = "<group>"; };
		A09CAC821DBE049E0055BCAF /* SDWebImageCompat.m */ = {isa = PBXFileReference; fileEncoding = 4; lastKnownFileType = sourcecode.c.objc; path = SDWebImageCompat.m; sourceTree = "<group>"; };
		A09CAC831DBE049E0055BCAF /* SDWebImageDecoder.h */ = {isa = PBXFileReference; fileEncoding = 4; lastKnownFileType = sourcecode.c.h; path = SDWebImageDecoder.h; sourceTree = "<group>"; };
		A09CAC841DBE049E0055BCAF /* SDWebImageDecoder.m */ = {isa = PBXFileReference; fileEncoding = 4; lastKnownFileType = sourcecode.c.objc; path = SDWebImageDecoder.m; sourceTree = "<group>"; };
		A09CAC851DBE049E0055BCAF /* SDWebImageDownloader.h */ = {isa = PBXFileReference; fileEncoding = 4; lastKnownFileType = sourcecode.c.h; path = SDWebImageDownloader.h; sourceTree = "<group>"; };
		A09CAC861DBE049E0055BCAF /* SDWebImageDownloader.m */ = {isa = PBXFileReference; fileEncoding = 4; lastKnownFileType = sourcecode.c.objc; path = SDWebImageDownloader.m; sourceTree = "<group>"; };
		A09CAC871DBE049E0055BCAF /* SDWebImageDownloaderOperation.h */ = {isa = PBXFileReference; fileEncoding = 4; lastKnownFileType = sourcecode.c.h; path = SDWebImageDownloaderOperation.h; sourceTree = "<group>"; };
		A09CAC881DBE049E0055BCAF /* SDWebImageDownloaderOperation.m */ = {isa = PBXFileReference; fileEncoding = 4; lastKnownFileType = sourcecode.c.objc; path = SDWebImageDownloaderOperation.m; sourceTree = "<group>"; };
		A09CAC891DBE049E0055BCAF /* SDWebImageManager.h */ = {isa = PBXFileReference; fileEncoding = 4; lastKnownFileType = sourcecode.c.h; path = SDWebImageManager.h; sourceTree = "<group>"; };
		A09CAC8A1DBE049E0055BCAF /* SDWebImageManager.m */ = {isa = PBXFileReference; fileEncoding = 4; lastKnownFileType = sourcecode.c.objc; path = SDWebImageManager.m; sourceTree = "<group>"; };
		A09CAC8B1DBE049E0055BCAF /* SDWebImageOperation.h */ = {isa = PBXFileReference; fileEncoding = 4; lastKnownFileType = sourcecode.c.h; path = SDWebImageOperation.h; sourceTree = "<group>"; };
		A09CAC8C1DBE049E0055BCAF /* SDWebImagePrefetcher.h */ = {isa = PBXFileReference; fileEncoding = 4; lastKnownFileType = sourcecode.c.h; path = SDWebImagePrefetcher.h; sourceTree = "<group>"; };
		A09CAC8D1DBE049E0055BCAF /* SDWebImagePrefetcher.m */ = {isa = PBXFileReference; fileEncoding = 4; lastKnownFileType = sourcecode.c.objc; path = SDWebImagePrefetcher.m; sourceTree = "<group>"; };
		A09CAC8E1DBE049E0055BCAF /* UIButton+WebCache.h */ = {isa = PBXFileReference; fileEncoding = 4; lastKnownFileType = sourcecode.c.h; path = "UIButton+WebCache.h"; sourceTree = "<group>"; };
		A09CAC8F1DBE049E0055BCAF /* UIButton+WebCache.m */ = {isa = PBXFileReference; fileEncoding = 4; lastKnownFileType = sourcecode.c.objc; path = "UIButton+WebCache.m"; sourceTree = "<group>"; };
		A09CAC901DBE049E0055BCAF /* UIImage+GIF.h */ = {isa = PBXFileReference; fileEncoding = 4; lastKnownFileType = sourcecode.c.h; path = "UIImage+GIF.h"; sourceTree = "<group>"; };
		A09CAC911DBE049E0055BCAF /* UIImage+GIF.m */ = {isa = PBXFileReference; fileEncoding = 4; lastKnownFileType = sourcecode.c.objc; path = "UIImage+GIF.m"; sourceTree = "<group>"; };
		A09CAC921DBE049E0055BCAF /* UIImage+MultiFormat.h */ = {isa = PBXFileReference; fileEncoding = 4; lastKnownFileType = sourcecode.c.h; path = "UIImage+MultiFormat.h"; sourceTree = "<group>"; };
		A09CAC931DBE049E0055BCAF /* UIImage+MultiFormat.m */ = {isa = PBXFileReference; fileEncoding = 4; lastKnownFileType = sourcecode.c.objc; path = "UIImage+MultiFormat.m"; sourceTree = "<group>"; };
		A09CAC941DBE049E0055BCAF /* UIImageView+HighlightedWebCache.h */ = {isa = PBXFileReference; fileEncoding = 4; lastKnownFileType = sourcecode.c.h; path = "UIImageView+HighlightedWebCache.h"; sourceTree = "<group>"; };
		A09CAC951DBE049E0055BCAF /* UIImageView+HighlightedWebCache.m */ = {isa = PBXFileReference; fileEncoding = 4; lastKnownFileType = sourcecode.c.objc; path = "UIImageView+HighlightedWebCache.m"; sourceTree = "<group>"; };
		A09CAC961DBE049E0055BCAF /* UIImageView+WebCache.h */ = {isa = PBXFileReference; fileEncoding = 4; lastKnownFileType = sourcecode.c.h; path = "UIImageView+WebCache.h"; sourceTree = "<group>"; };
		A09CAC971DBE049E0055BCAF /* UIImageView+WebCache.m */ = {isa = PBXFileReference; fileEncoding = 4; lastKnownFileType = sourcecode.c.objc; path = "UIImageView+WebCache.m"; sourceTree = "<group>"; };
		A09CAC981DBE049E0055BCAF /* UIView+WebCacheOperation.h */ = {isa = PBXFileReference; fileEncoding = 4; lastKnownFileType = sourcecode.c.h; path = "UIView+WebCacheOperation.h"; sourceTree = "<group>"; };
		A09CAC991DBE049E0055BCAF /* UIView+WebCacheOperation.m */ = {isa = PBXFileReference; fileEncoding = 4; lastKnownFileType = sourcecode.c.objc; path = "UIView+WebCacheOperation.m"; sourceTree = "<group>"; };
		A09CACA81DBE09560055BCAF /* jww.png */ = {isa = PBXFileReference; lastKnownFileType = image.png; path = jww.png; sourceTree = "<group>"; };
/* End PBXFileReference section */

/* Begin PBXFrameworksBuildPhase section */
		A09CAC371DBDBA2B0055BCAF /* Frameworks */ = {
			isa = PBXFrameworksBuildPhase;
			buildActionMask = 2147483647;
			files = (
			);
			runOnlyForDeploymentPostprocessing = 0;
		};
		A09CAC501DBDBA2B0055BCAF /* Frameworks */ = {
			isa = PBXFrameworksBuildPhase;
			buildActionMask = 2147483647;
			files = (
			);
			runOnlyForDeploymentPostprocessing = 0;
		};
		A09CAC5B1DBDBA2B0055BCAF /* Frameworks */ = {
			isa = PBXFrameworksBuildPhase;
			buildActionMask = 2147483647;
			files = (
			);
			runOnlyForDeploymentPostprocessing = 0;
		};
/* End PBXFrameworksBuildPhase section */

/* Begin PBXGroup section */
		A09CAC311DBDBA2B0055BCAF = {
			isa = PBXGroup;
			children = (
				A09CAC7C1DBE049E0055BCAF /* SDWebImage */,
				A09CAC3C1DBDBA2B0055BCAF /* List_Grid */,
				A09CAC561DBDBA2B0055BCAF /* List_GridTests */,
				A09CAC611DBDBA2B0055BCAF /* List_GridUITests */,
				A09CAC3B1DBDBA2B0055BCAF /* Products */,
			);
			sourceTree = "<group>";
		};
		A09CAC3B1DBDBA2B0055BCAF /* Products */ = {
			isa = PBXGroup;
			children = (
				A09CAC3A1DBDBA2B0055BCAF /* List_Grid.app */,
				A09CAC531DBDBA2B0055BCAF /* List_GridTests.xctest */,
				A09CAC5E1DBDBA2B0055BCAF /* List_GridUITests.xctest */,
			);
			name = Products;
			sourceTree = "<group>";
		};
		A09CAC3C1DBDBA2B0055BCAF /* List_Grid */ = {
			isa = PBXGroup;
			children = (
				A09CAC401DBDBA2B0055BCAF /* AppDelegate.h */,
				A09CAC411DBDBA2B0055BCAF /* AppDelegate.m */,
				A09CAC431DBDBA2B0055BCAF /* ViewController.h */,
				A09CAC441DBDBA2B0055BCAF /* ViewController.m */,
				A09CAC751DBDE61F0055BCAF /* GridListModel.h */,
				A09CAC761DBDE61F0055BCAF /* GridListModel.m */,
				A09CAC701DBDDDB50055BCAF /* GridListCollectionViewCell.h */,
				A09CAC711DBDDDB50055BCAF /* GridListCollectionViewCell.m */,
				A09CAC461DBDBA2B0055BCAF /* Main.storyboard */,
				A09CAC491DBDBA2B0055BCAF /* Assets.xcassets */,
				A09CAC4B1DBDBA2B0055BCAF /* LaunchScreen.storyboard */,
				A09CAC4E1DBDBA2B0055BCAF /* Info.plist */,
				A09CAC3D1DBDBA2B0055BCAF /* Supporting Files */,
			);
			path = List_Grid;
			sourceTree = "<group>";
		};
		A09CAC3D1DBDBA2B0055BCAF /* Supporting Files */ = {
			isa = PBXGroup;
			children = (
				A09CACA81DBE09560055BCAF /* jww.png */,
				A09CAC7A1DBDF4C10055BCAF /* product_list_grid_btn@2x.png */,
				A09CAC781DBDF4B50055BCAF /* product_list_list_btn@2x.png */,
				A09CAC731DBDE4880055BCAF /* product.json */,
				A09CAC3E1DBDBA2B0055BCAF /* main.m */,
			);
			name = "Supporting Files";
			sourceTree = "<group>";
		};
		A09CAC561DBDBA2B0055BCAF /* List_GridTests */ = {
			isa = PBXGroup;
			children = (
				A09CAC571DBDBA2B0055BCAF /* List_GridTests.m */,
				A09CAC591DBDBA2B0055BCAF /* Info.plist */,
			);
			path = List_GridTests;
			sourceTree = "<group>";
		};
		A09CAC611DBDBA2B0055BCAF /* List_GridUITests */ = {
			isa = PBXGroup;
			children = (
				A09CAC621DBDBA2B0055BCAF /* List_GridUITests.m */,
				A09CAC641DBDBA2B0055BCAF /* Info.plist */,
			);
			path = List_GridUITests;
			sourceTree = "<group>";
		};
		A09CAC7C1DBE049E0055BCAF /* SDWebImage */ = {
			isa = PBXGroup;
			children = (
				A09CAC7D1DBE049E0055BCAF /* NSData+ImageContentType.h */,
				A09CAC7E1DBE049E0055BCAF /* NSData+ImageContentType.m */,
				A09CAC7F1DBE049E0055BCAF /* SDImageCache.h */,
				A09CAC801DBE049E0055BCAF /* SDImageCache.m */,
				A09CAC811DBE049E0055BCAF /* SDWebImageCompat.h */,
				A09CAC821DBE049E0055BCAF /* SDWebImageCompat.m */,
				A09CAC831DBE049E0055BCAF /* SDWebImageDecoder.h */,
				A09CAC841DBE049E0055BCAF /* SDWebImageDecoder.m */,
				A09CAC851DBE049E0055BCAF /* SDWebImageDownloader.h */,
				A09CAC861DBE049E0055BCAF /* SDWebImageDownloader.m */,
				A09CAC871DBE049E0055BCAF /* SDWebImageDownloaderOperation.h */,
				A09CAC881DBE049E0055BCAF /* SDWebImageDownloaderOperation.m */,
				A09CAC891DBE049E0055BCAF /* SDWebImageManager.h */,
				A09CAC8A1DBE049E0055BCAF /* SDWebImageManager.m */,
				A09CAC8B1DBE049E0055BCAF /* SDWebImageOperation.h */,
				A09CAC8C1DBE049E0055BCAF /* SDWebImagePrefetcher.h */,
				A09CAC8D1DBE049E0055BCAF /* SDWebImagePrefetcher.m */,
				A09CAC8E1DBE049E0055BCAF /* UIButton+WebCache.h */,
				A09CAC8F1DBE049E0055BCAF /* UIButton+WebCache.m */,
				A09CAC901DBE049E0055BCAF /* UIImage+GIF.h */,
				A09CAC911DBE049E0055BCAF /* UIImage+GIF.m */,
				A09CAC921DBE049E0055BCAF /* UIImage+MultiFormat.h */,
				A09CAC931DBE049E0055BCAF /* UIImage+MultiFormat.m */,
				A09CAC941DBE049E0055BCAF /* UIImageView+HighlightedWebCache.h */,
				A09CAC951DBE049E0055BCAF /* UIImageView+HighlightedWebCache.m */,
				A09CAC961DBE049E0055BCAF /* UIImageView+WebCache.h */,
				A09CAC971DBE049E0055BCAF /* UIImageView+WebCache.m */,
				A09CAC981DBE049E0055BCAF /* UIView+WebCacheOperation.h */,
				A09CAC991DBE049E0055BCAF /* UIView+WebCacheOperation.m */,
			);
			path = SDWebImage;
			sourceTree = "<group>";
		};
/* End PBXGroup section */

/* Begin PBXNativeTarget section */
		A09CAC391DBDBA2B0055BCAF /* List_Grid */ = {
			isa = PBXNativeTarget;
			buildConfigurationList = A09CAC671DBDBA2B0055BCAF /* Build configuration list for PBXNativeTarget "List_Grid" */;
			buildPhases = (
				A09CAC361DBDBA2B0055BCAF /* Sources */,
				A09CAC371DBDBA2B0055BCAF /* Frameworks */,
				A09CAC381DBDBA2B0055BCAF /* Resources */,
			);
			buildRules = (
			);
			dependencies = (
			);
			name = List_Grid;
			productName = List_Grid;
			productReference = A09CAC3A1DBDBA2B0055BCAF /* List_Grid.app */;
			productType = "com.apple.product-type.application";
		};
		A09CAC521DBDBA2B0055BCAF /* List_GridTests */ = {
			isa = PBXNativeTarget;
			buildConfigurationList = A09CAC6A1DBDBA2B0055BCAF /* Build configuration list for PBXNativeTarget "List_GridTests" */;
			buildPhases = (
				A09CAC4F1DBDBA2B0055BCAF /* Sources */,
				A09CAC501DBDBA2B0055BCAF /* Frameworks */,
				A09CAC511DBDBA2B0055BCAF /* Resources */,
			);
			buildRules = (
			);
			dependencies = (
				A09CAC551DBDBA2B0055BCAF /* PBXTargetDependency */,
			);
			name = List_GridTests;
			productName = List_GridTests;
			productReference = A09CAC531DBDBA2B0055BCAF /* List_GridTests.xctest */;
			productType = "com.apple.product-type.bundle.unit-test";
		};
		A09CAC5D1DBDBA2B0055BCAF /* List_GridUITests */ = {
			isa = PBXNativeTarget;
			buildConfigurationList = A09CAC6D1DBDBA2B0055BCAF /* Build configuration list for PBXNativeTarget "List_GridUITests" */;
			buildPhases = (
				A09CAC5A1DBDBA2B0055BCAF /* Sources */,
				A09CAC5B1DBDBA2B0055BCAF /* Frameworks */,
				A09CAC5C1DBDBA2B0055BCAF /* Resources */,
			);
			buildRules = (
			);
			dependencies = (
				A09CAC601DBDBA2B0055BCAF /* PBXTargetDependency */,
			);
			name = List_GridUITests;
			productName = List_GridUITests;
			productReference = A09CAC5E1DBDBA2B0055BCAF /* List_GridUITests.xctest */;
			productType = "com.apple.product-type.bundle.ui-testing";
		};
/* End PBXNativeTarget section */

/* Begin PBXProject section */
		A09CAC321DBDBA2B0055BCAF /* Project object */ = {
			isa = PBXProject;
			attributes = {
				LastUpgradeCheck = 0800;
				ORGANIZATIONNAME = lingzhi;
				TargetAttributes = {
					A09CAC391DBDBA2B0055BCAF = {
						CreatedOnToolsVersion = 8.0;
						DevelopmentTeam = 37XK5Q288A;
						ProvisioningStyle = Automatic;
					};
					A09CAC521DBDBA2B0055BCAF = {
						CreatedOnToolsVersion = 8.0;
						DevelopmentTeam = 37XK5Q288A;
						ProvisioningStyle = Automatic;
						TestTargetID = A09CAC391DBDBA2B0055BCAF;
					};
					A09CAC5D1DBDBA2B0055BCAF = {
						CreatedOnToolsVersion = 8.0;
						DevelopmentTeam = 37XK5Q288A;
						ProvisioningStyle = Automatic;
						TestTargetID = A09CAC391DBDBA2B0055BCAF;
					};
				};
			};
			buildConfigurationList = A09CAC351DBDBA2B0055BCAF /* Build configuration list for PBXProject "List_Grid" */;
			compatibilityVersion = "Xcode 3.2";
			developmentRegion = English;
			hasScannedForEncodings = 0;
			knownRegions = (
				en,
				Base,
			);
			mainGroup = A09CAC311DBDBA2B0055BCAF;
			productRefGroup = A09CAC3B1DBDBA2B0055BCAF /* Products */;
			projectDirPath = "";
			projectRoot = "";
			targets = (
				A09CAC391DBDBA2B0055BCAF /* List_Grid */,
				A09CAC521DBDBA2B0055BCAF /* List_GridTests */,
				A09CAC5D1DBDBA2B0055BCAF /* List_GridUITests */,
			);
		};
/* End PBXProject section */

/* Begin PBXResourcesBuildPhase section */
		A09CAC381DBDBA2B0055BCAF /* Resources */ = {
			isa = PBXResourcesBuildPhase;
			buildActionMask = 2147483647;
			files = (
				A09CAC791DBDF4B50055BCAF /* product_list_list_btn@2x.png in Resources */,
				A09CAC4D1DBDBA2B0055BCAF /* LaunchScreen.storyboard in Resources */,
				A09CAC741DBDE4880055BCAF /* product.json in Resources */,
				A09CAC4A1DBDBA2B0055BCAF /* Assets.xcassets in Resources */,
				A09CACA91DBE09560055BCAF /* jww.png in Resources */,
				A09CAC481DBDBA2B0055BCAF /* Main.storyboard in Resources */,
				A09CAC7B1DBDF4C10055BCAF /* product_list_grid_btn@2x.png in Resources */,
			);
			runOnlyForDeploymentPostprocessing = 0;
		};
		A09CAC511DBDBA2B0055BCAF /* Resources */ = {
			isa = PBXResourcesBuildPhase;
			buildActionMask = 2147483647;
			files = (
			);
			runOnlyForDeploymentPostprocessing = 0;
		};
		A09CAC5C1DBDBA2B0055BCAF /* Resources */ = {
			isa = PBXResourcesBuildPhase;
			buildActionMask = 2147483647;
			files = (
			);
			runOnlyForDeploymentPostprocessing = 0;
		};
/* End PBXResourcesBuildPhase section */

/* Begin PBXSourcesBuildPhase section */
		A09CAC361DBDBA2B0055BCAF /* Sources */ = {
			isa = PBXSourcesBuildPhase;
			buildActionMask = 2147483647;
			files = (
				A09CACA51DBE049E0055BCAF /* UIImageView+HighlightedWebCache.m in Sources */,
				A09CACA41DBE049E0055BCAF /* UIImage+MultiFormat.m in Sources */,
				A09CAC9F1DBE049E0055BCAF /* SDWebImageDownloaderOperation.m in Sources */,
				A09CAC721DBDDDB50055BCAF /* GridListCollectionViewCell.m in Sources */,
				A09CAC9C1DBE049E0055BCAF /* SDWebImageCompat.m in Sources */,
				A09CACA71DBE049E0055BCAF /* UIView+WebCacheOperation.m in Sources */,
				A09CACA31DBE049E0055BCAF /* UIImage+GIF.m in Sources */,
				A09CACA11DBE049E0055BCAF /* SDWebImagePrefetcher.m in Sources */,
				A09CAC771DBDE61F0055BCAF /* GridListModel.m in Sources */,
				A09CAC451DBDBA2B0055BCAF /* ViewController.m in Sources */,
				A09CAC9E1DBE049E0055BCAF /* SDWebImageDownloader.m in Sources */,
				A09CACA21DBE049E0055BCAF /* UIButton+WebCache.m in Sources */,
				A09CAC421DBDBA2B0055BCAF /* AppDelegate.m in Sources */,
				A09CAC9A1DBE049E0055BCAF /* NSData+ImageContentType.m in Sources */,
				A09CAC3F1DBDBA2B0055BCAF /* main.m in Sources */,
				A09CACA61DBE049E0055BCAF /* UIImageView+WebCache.m in Sources */,
				A09CACA01DBE049E0055BCAF /* SDWebImageManager.m in Sources */,
				A09CAC9D1DBE049E0055BCAF /* SDWebImageDecoder.m in Sources */,
				A09CAC9B1DBE049E0055BCAF /* SDImageCache.m in Sources */,
			);
			runOnlyForDeploymentPostprocessing = 0;
		};
		A09CAC4F1DBDBA2B0055BCAF /* Sources */ = {
			isa = PBXSourcesBuildPhase;
			buildActionMask = 2147483647;
			files = (
				A09CAC581DBDBA2B0055BCAF /* List_GridTests.m in Sources */,
			);
			runOnlyForDeploymentPostprocessing = 0;
		};
		A09CAC5A1DBDBA2B0055BCAF /* Sources */ = {
			isa = PBXSourcesBuildPhase;
			buildActionMask = 2147483647;
			files = (
				A09CAC631DBDBA2B0055BCAF /* List_GridUITests.m in Sources */,
			);
			runOnlyForDeploymentPostprocessing = 0;
		};
/* End PBXSourcesBuildPhase section */

/* Begin PBXTargetDependency section */
		A09CAC551DBDBA2B0055BCAF /* PBXTargetDependency */ = {
			isa = PBXTargetDependency;
			target = A09CAC391DBDBA2B0055BCAF /* List_Grid */;
			targetProxy = A09CAC541DBDBA2B0055BCAF /* PBXContainerItemProxy */;
		};
		A09CAC601DBDBA2B0055BCAF /* PBXTargetDependency */ = {
			isa = PBXTargetDependency;
			target = A09CAC391DBDBA2B0055BCAF /* List_Grid */;
			targetProxy = A09CAC5F1DBDBA2B0055BCAF /* PBXContainerItemProxy */;
		};
/* End PBXTargetDependency section */

/* Begin PBXVariantGroup section */
		A09CAC461DBDBA2B0055BCAF /* Main.storyboard */ = {
			isa = PBXVariantGroup;
			children = (
				A09CAC471DBDBA2B0055BCAF /* Base */,
			);
			name = Main.storyboard;
			sourceTree = "<group>";
		};
		A09CAC4B1DBDBA2B0055BCAF /* LaunchScreen.storyboard */ = {
			isa = PBXVariantGroup;
			children = (
				A09CAC4C1DBDBA2B0055BCAF /* Base */,
			);
			name = LaunchScreen.storyboard;
			sourceTree = "<group>";
		};
/* End PBXVariantGroup section */

/* Begin XCBuildConfiguration section */
		A09CAC651DBDBA2B0055BCAF /* Debug */ = {
			isa = XCBuildConfiguration;
			buildSettings = {
				ALWAYS_SEARCH_USER_PATHS = NO;
				CLANG_ANALYZER_NONNULL = YES;
				CLANG_CXX_LANGUAGE_STANDARD = "gnu++0x";
				CLANG_CXX_LIBRARY = "libc++";
				CLANG_ENABLE_MODULES = YES;
				CLANG_ENABLE_OBJC_ARC = YES;
				CLANG_WARN_BOOL_CONVERSION = YES;
				CLANG_WARN_CONSTANT_CONVERSION = YES;
				CLANG_WARN_DIRECT_OBJC_ISA_USAGE = YES_ERROR;
				CLANG_WARN_DOCUMENTATION_COMMENTS = YES;
				CLANG_WARN_EMPTY_BODY = YES;
				CLANG_WARN_ENUM_CONVERSION = YES;
				CLANG_WARN_INFINITE_RECURSION = YES;
				CLANG_WARN_INT_CONVERSION = YES;
				CLANG_WARN_OBJC_ROOT_CLASS = YES_ERROR;
				CLANG_WARN_SUSPICIOUS_MOVES = YES;
				CLANG_WARN_UNREACHABLE_CODE = YES;
				CLANG_WARN__DUPLICATE_METHOD_MATCH = YES;
				"CODE_SIGN_IDENTITY[sdk=iphoneos*]" = "iPhone Developer";
				COPY_PHASE_STRIP = NO;
				DEBUG_INFORMATION_FORMAT = dwarf;
				ENABLE_STRICT_OBJC_MSGSEND = YES;
				ENABLE_TESTABILITY = YES;
				GCC_C_LANGUAGE_STANDARD = gnu99;
				GCC_DYNAMIC_NO_PIC = NO;
				GCC_NO_COMMON_BLOCKS = YES;
				GCC_OPTIMIZATION_LEVEL = 0;
				GCC_PREPROCESSOR_DEFINITIONS = (
					"DEBUG=1",
					"$(inherited)",
				);
				GCC_WARN_64_TO_32_BIT_CONVERSION = YES;
				GCC_WARN_ABOUT_RETURN_TYPE = YES_ERROR;
				GCC_WARN_UNDECLARED_SELECTOR = YES;
				GCC_WARN_UNINITIALIZED_AUTOS = YES_AGGRESSIVE;
				GCC_WARN_UNUSED_FUNCTION = YES;
				GCC_WARN_UNUSED_VARIABLE = YES;
				IPHONEOS_DEPLOYMENT_TARGET = 10.0;
				MTL_ENABLE_DEBUG_INFO = YES;
				ONLY_ACTIVE_ARCH = YES;
				SDKROOT = iphoneos;
			};
			name = Debug;
		};
		A09CAC661DBDBA2B0055BCAF /* Release */ = {
			isa = XCBuildConfiguration;
			buildSettings = {
				ALWAYS_SEARCH_USER_PATHS = NO;
				CLANG_ANALYZER_NONNULL = YES;
				CLANG_CXX_LANGUAGE_STANDARD = "gnu++0x";
				CLANG_CXX_LIBRARY = "libc++";
				CLANG_ENABLE_MODULES = YES;
				CLANG_ENABLE_OBJC_ARC = YES;
				CLANG_WARN_BOOL_CONVERSION = YES;
				CLANG_WARN_CONSTANT_CONVERSION = YES;
				CLANG_WARN_DIRECT_OBJC_ISA_USAGE = YES_ERROR;
				CLANG_WARN_DOCUMENTATION_COMMENTS = YES;
				CLANG_WARN_EMPTY_BODY = YES;
				CLANG_WARN_ENUM_CONVERSION = YES;
				CLANG_WARN_INFINITE_RECURSION = YES;
				CLANG_WARN_INT_CONVERSION = YES;
				CLANG_WARN_OBJC_ROOT_CLASS = YES_ERROR;
				CLANG_WARN_SUSPICIOUS_MOVES = YES;
				CLANG_WARN_UNREACHABLE_CODE = YES;
				CLANG_WARN__DUPLICATE_METHOD_MATCH = YES;
				"CODE_SIGN_IDENTITY[sdk=iphoneos*]" = "iPhone Developer";
				COPY_PHASE_STRIP = NO;
				DEBUG_INFORMATION_FORMAT = "dwarf-with-dsym";
				ENABLE_NS_ASSERTIONS = NO;
				ENABLE_STRICT_OBJC_MSGSEND = YES;
				GCC_C_LANGUAGE_STANDARD = gnu99;
				GCC_NO_COMMON_BLOCKS = YES;
				GCC_WARN_64_TO_32_BIT_CONVERSION = YES;
				GCC_WARN_ABOUT_RETURN_TYPE = YES_ERROR;
				GCC_WARN_UNDECLARED_SELECTOR = YES;
				GCC_WARN_UNINITIALIZED_AUTOS = YES_AGGRESSIVE;
				GCC_WARN_UNUSED_FUNCTION = YES;
				GCC_WARN_UNUSED_VARIABLE = YES;
				IPHONEOS_DEPLOYMENT_TARGET = 10.0;
				MTL_ENABLE_DEBUG_INFO = NO;
				SDKROOT = iphoneos;
				VALIDATE_PRODUCT = YES;
			};
			name = Release;
		};
		A09CAC681DBDBA2B0055BCAF /* Debug */ = {
			isa = XCBuildConfiguration;
			buildSettings = {
				ASSETCATALOG_COMPILER_APPICON_NAME = AppIcon;
				DEVELOPMENT_TEAM = 37XK5Q288A;
				INFOPLIST_FILE = List_Grid/Info.plist;
				LD_RUNPATH_SEARCH_PATHS = "$(inherited) @executable_path/Frameworks";
				PRODUCT_BUNDLE_IDENTIFIER = "com.cloundcentral.clound.List-Grid";
				PRODUCT_NAME = "$(TARGET_NAME)";
			};
			name = Debug;
		};
		A09CAC691DBDBA2B0055BCAF /* Release */ = {
			isa = XCBuildConfiguration;
			buildSettings = {
				ASSETCATALOG_COMPILER_APPICON_NAME = AppIcon;
				DEVELOPMENT_TEAM = 37XK5Q288A;
				INFOPLIST_FILE = List_Grid/Info.plist;
				LD_RUNPATH_SEARCH_PATHS = "$(inherited) @executable_path/Frameworks";
				PRODUCT_BUNDLE_IDENTIFIER = "com.cloundcentral.clound.List-Grid";
				PRODUCT_NAME = "$(TARGET_NAME)";
			};
			name = Release;
		};
		A09CAC6B1DBDBA2B0055BCAF /* Debug */ = {
			isa = XCBuildConfiguration;
			buildSettings = {
				BUNDLE_LOADER = "$(TEST_HOST)";
				DEVELOPMENT_TEAM = 37XK5Q288A;
				INFOPLIST_FILE = List_GridTests/Info.plist;
				LD_RUNPATH_SEARCH_PATHS = "$(inherited) @executable_path/Frameworks @loader_path/Frameworks";
				PRODUCT_BUNDLE_IDENTIFIER = "com.cloundcentral.clound.List-GridTests";
				PRODUCT_NAME = "$(TARGET_NAME)";
				TEST_HOST = "$(BUILT_PRODUCTS_DIR)/List_Grid.app/List_Grid";
			};
			name = Debug;
		};
		A09CAC6C1DBDBA2B0055BCAF /* Release */ = {
			isa = XCBuildConfiguration;
			buildSettings = {
				BUNDLE_LOADER = "$(TEST_HOST)";
				DEVELOPMENT_TEAM = 37XK5Q288A;
				INFOPLIST_FILE = List_GridTests/Info.plist;
				LD_RUNPATH_SEARCH_PATHS = "$(inherited) @executable_path/Frameworks @loader_path/Frameworks";
				PRODUCT_BUNDLE_IDENTIFIER = "com.cloundcentral.clound.List-GridTests";
				PRODUCT_NAME = "$(TARGET_NAME)";
				TEST_HOST = "$(BUILT_PRODUCTS_DIR)/List_Grid.app/List_Grid";
			};
			name = Release;
		};
		A09CAC6E1DBDBA2B0055BCAF /* Debug */ = {
			isa = XCBuildConfiguration;
			buildSettings = {
				DEVELOPMENT_TEAM = 37XK5Q288A;
				INFOPLIST_FILE = List_GridUITests/Info.plist;
				LD_RUNPATH_SEARCH_PATHS = "$(inherited) @executable_path/Frameworks @loader_path/Frameworks";
				PRODUCT_BUNDLE_IDENTIFIER = "com.cloundcentral.clound.List-GridUITests";
				PRODUCT_NAME = "$(TARGET_NAME)";
				TEST_TARGET_NAME = List_Grid;
			};
			name = Debug;
		};
		A09CAC6F1DBDBA2B0055BCAF /* Release */ = {
			isa = XCBuildConfiguration;
			buildSettings = {
				DEVELOPMENT_TEAM = 37XK5Q288A;
				INFOPLIST_FILE = List_GridUITests/Info.plist;
				LD_RUNPATH_SEARCH_PATHS = "$(inherited) @executable_path/Frameworks @loader_path/Frameworks";
				PRODUCT_BUNDLE_IDENTIFIER = "com.cloundcentral.clound.List-GridUITests";
				PRODUCT_NAME = "$(TARGET_NAME)";
				TEST_TARGET_NAME = List_Grid;
			};
			name = Release;
		};
/* End XCBuildConfiguration section */

/* Begin XCConfigurationList section */
		A09CAC351DBDBA2B0055BCAF /* Build configuration list for PBXProject "List_Grid" */ = {
			isa = XCConfigurationList;
			buildConfigurations = (
				A09CAC651DBDBA2B0055BCAF /* Debug */,
				A09CAC661DBDBA2B0055BCAF /* Release */,
			);
			defaultConfigurationIsVisible = 0;
			defaultConfigurationName = Release;
		};
		A09CAC671DBDBA2B0055BCAF /* Build configuration list for PBXNativeTarget "List_Grid" */ = {
			isa = XCConfigurationList;
			buildConfigurations = (
				A09CAC681DBDBA2B0055BCAF /* Debug */,
				A09CAC691DBDBA2B0055BCAF /* Release */,
			);
			defaultConfigurationIsVisible = 0;
		};
		A09CAC6A1DBDBA2B0055BCAF /* Build configuration list for PBXNativeTarget "List_GridTests" */ = {
			isa = XCConfigurationList;
			buildConfigurations = (
				A09CAC6B1DBDBA2B0055BCAF /* Debug */,
				A09CAC6C1DBDBA2B0055BCAF /* Release */,
			);
			defaultConfigurationIsVisible = 0;
		};
		A09CAC6D1DBDBA2B0055BCAF /* Build configuration list for PBXNativeTarget "List_GridUITests" */ = {
			isa = XCConfigurationList;
			buildConfigurations = (
				A09CAC6E1DBDBA2B0055BCAF /* Debug */,
				A09CAC6F1DBDBA2B0055BCAF /* Release */,
			);
			defaultConfigurationIsVisible = 0;
		};
/* End XCConfigurationList section */
	};
	rootObject = A09CAC321DBDBA2B0055BCAF /* Project object */;
}
